
Microsoft Visual Studio Solution File, Format Version 12.00
# Visual Studio 15
VisualStudioVersion = 15.0.26730.16
MinimumVisualStudioVersion = 10.0.40219.1
Project("{FAE04EC0-301F-11D3-BF4B-00C04F79EFBC}") = "TestConsole", "TestConsole\TestConsole.csproj", "{734E69FB-2616-4420-93AD-FECD62E9D93B}"
EndProject
Project("{FAE04EC0-301F-11D3-BF4B-00C04F79EFBC}") = "WebScraper", "WebScraper\WebScraper.csproj", "{84BC2B69-94DE-48F2-8E82-4961B3E337E2}"
EndProject
Project("{FAE04EC0-301F-11D3-BF4B-00C04F79EFBC}") = "DataAccess", "DataAccess\DataAccess.csproj", "{0A7C186B-6B7D-47DB-B2FB-CA58B59BD6E9}"
EndProject
Global
	GlobalSection(SolutionConfigurationPlatforms) = preSolution
		Debug|Any CPU = Debug|Any CPU
		Release|Any CPU = Release|Any CPU
	EndGlobalSection
	GlobalSection(ProjectConfigurationPlatforms) = postSolution
		{734E69FB-2616-4420-93AD-FECD62E9D93B}.Debug|Any CPU.ActiveCfg = Debug|Any CPU
		{734E69FB-2616-4420-93AD-FECD62E9D93B}.Debug|Any CPU.Build.0 = Debug|Any CPU
		{734E69FB-2616-4420-93AD-FECD62E9D93B}.Release|Any CPU.ActiveCfg = Release|Any CPU
		{734E69FB-2616-4420-93AD-FECD62E9D93B}.Release|Any CPU.Build.0 = Release|Any CPU
		{84BC2B69-94DE-48F2-8E82-4961B3E337E2}.Debug|Any CPU.ActiveCfg = Debug|Any CPU
		{84BC2B69-94DE-48F2-8E82-4961B3E337E2}.Debug|Any CPU.Build.0 = Debug|Any CPU
		{84BC2B69-94DE-48F2-8E82-4961B3E337E2}.Release|Any CPU.ActiveCfg = Release|Any CPU
		{84BC2B69-94DE-48F2-8E82-4961B3E337E2}.Release|Any CPU.Build.0 = Release|Any CPU
		{0A7C186B-6B7D-47DB-B2FB-CA58B59BD6E9}.Debug|Any CPU.ActiveCfg = Debug|Any CPU
		{0A7C186B-6B7D-47DB-B2FB-CA58B59BD6E9}.Debug|Any CPU.Build.0 = Debug|Any CPU
		{0A7C186B-6B7D-47DB-B2FB-CA58B59BD6E9}.Release|Any CPU.ActiveCfg = Release|Any CPU
		{0A7C186B-6B7D-47DB-B2FB-CA58B59BD6E9}.Release|Any CPU.Build.0 = Release|Any CPU
	EndGlobalSection
	GlobalSection(SolutionProperties) = preSolution
		HideSolutionNode = FALSE
	EndGlobalSection
	GlobalSection(ExtensibilityGlobals) = postSolution
		SolutionGuid = {68D3D09D-4168-4587-9F65-4DF796495A88}
	EndGlobalSection
EndGlobal
